
Microsoft Visual Studio Solution File, Format Version 12.00
# Visual Studio 15
Project("{FAE04EC0-301F-11D3-BF4B-00C04F79EFBC}") = "DutchTreat", "DutchTreat\DutchTreat.csproj", "{1C872F01-9D7A-41E5-8DEB-B3CFD057C78D}"
EndProject
Global
	GlobalSection(SolutionConfigurationPlatforms) = preSolution
		Debug|Any CPU = Debug|Any CPU
		Release|Any CPU = Release|Any CPU
	EndGlobalSection
	GlobalSection(ProjectConfigurationPlatforms) = postSolution
		{1C872F01-9D7A-41E5-8DEB-B3CFD057C78D}.Debug|Any CPU.ActiveCfg = Debug|Any CPU
		{1C872F01-9D7A-41E5-8DEB-B3CFD057C78D}.Debug|Any CPU.Build.0 = Debug|Any CPU
		{1C872F01-9D7A-41E5-8DEB-B3CFD057C78D}.Release|Any CPU.ActiveCfg = Release|Any CPU
		{1C872F01-9D7A-41E5-8DEB-B3CFD057C78D}.Release|Any CPU.Build.0 = Release|Any CPU
	EndGlobalSection
EndGlobal
